{
    "_readme": [
        "This file locks the dependencies of your project to a known state",
        "Read more about it at https://getcomposer.org/doc/01-basic-usage.md#installing-dependencies",
        "This file is @generated automatically"
    ],
    "content-hash": "a73b089ea065ca554cd53e02b2f7dc36",
    "packages": [
        {
            "name": "hnrazevedo/filter",
            "version": "v1.0.0",
            "source": {
                "type": "git",
                "url": "https://github.com/hnrazevedo/Filter.git",
                "reference": "c704edfde8e038c6d31076757530d85c0a38bbd5"
            },
            "dist": {
                "type": "zip",
                "url": "https://api.github.com/repos/hnrazevedo/Filter/zipball/c704edfde8e038c6d31076757530d85c0a38bbd5",
                "reference": "c704edfde8e038c6d31076757530d85c0a38bbd5",
                "shasum": ""
            },
            "require": {
                "php": ">=7.4"
            },
            "type": "library",
            "autoload": {
                "psr-4": {
                    "HnrAzevedo\\Filter\\": "src/"
                }
            },
            "notification-url": "https://packagist.org/downloads/",
            "license": [
                "MIT"
            ],
            "authors": [
                {
                    "name": "Henri Mateus Santos de Azevedo",
                    "email": "hnr.azevedo@gmail.com",
                    "role": "Developer"
                }
            ],
            "description": "Filter is a simple component to check information.",
            "time": "2020-08-11T20:05:55+00:00"
        },
        {
            "name": "hnrazevedo/validator",
            "version": "v1.0.4",
            "source": {
                "type": "git",
                "url": "https://github.com/hnrazevedo/Validator.git",
                "reference": "c92a70cda0a902f261942d47ccd5fe07f720c4f2"
            },
            "dist": {
                "type": "zip",
                "url": "https://api.github.com/repos/hnrazevedo/Validator/zipball/c92a70cda0a902f261942d47ccd5fe07f720c4f2",
                "reference": "c92a70cda0a902f261942d47ccd5fe07f720c4f2",
                "shasum": ""
            },
            "require": {
                "php": ">=7.4"
            },
            "type": "library",
            "autoload": {
                "psr-4": {
                    "HnrAzevedo\\Validator\\": "src/"
                }
            },
            "notification-url": "https://packagist.org/downloads/",
            "license": [
                "MIT"
            ],
            "authors": [
                {
                    "name": "Henri Mateus Santos de Azevedo",
                    "email": "hnr.azevedo@gmail.com",
                    "role": "Developer"
                }
            ],
            "description": "Validator is a simple data validation component.",
            "time": "2020-08-20T19:34:53+00:00"
        }
    ],
    "packages-dev": [],
    "aliases": [],
    "minimum-stability": "dev",
    "stability-flags": [],
    "prefer-stable": false,
    "prefer-lowest": false,
    "platform": {
        "php": ">=7.4"
    },
    "platform-dev": [],
    "plugin-api-version": "1.1.0"
}
